
Microsoft Visual Studio Solution File, Format Version 12.00
# Visual Studio 2012
Project("{8BC9CEB8-8B4A-11D0-8D11-00A0C91BC942}") = "CH04_Test", "CH04_Test\CH04_Test.vcxproj", "{92EFD9C5-8C92-4758-A7CE-F571E4DBA5A4}"
EndProject
Global
	GlobalSection(SolutionConfigurationPlatforms) = preSolution
		Debug|Win32 = Debug|Win32
		Release|Win32 = Release|Win32
	EndGlobalSection
	GlobalSection(ProjectConfigurationPlatforms) = postSolution
		{92EFD9C5-8C92-4758-A7CE-F571E4DBA5A4}.Debug|Win32.ActiveCfg = Debug|Win32
		{92EFD9C5-8C92-4758-A7CE-F571E4DBA5A4}.Debug|Win32.Build.0 = Debug|Win32
		{92EFD9C5-8C92-4758-A7CE-F571E4DBA5A4}.Release|Win32.ActiveCfg = Release|Win32
		{92EFD9C5-8C92-4758-A7CE-F571E4DBA5A4}.Release|Win32.Build.0 = Release|Win32
	EndGlobalSection
	GlobalSection(SolutionProperties) = preSolution
		HideSolutionNode = FALSE
	EndGlobalSection
EndGlobal
