
Microsoft Visual Studio Solution File, Format Version 12.00
# Visual Studio 2012
Project("{8BC9CEB8-8B4A-11D0-8D11-00A0C91BC942}") = "CH07_Mybole", "CH07_Mybole\CH07_Mybole.vcxproj", "{0704D7EC-DF3D-46A4-853D-E544EC751F02}"
EndProject
Global
	GlobalSection(SolutionConfigurationPlatforms) = preSolution
		Debug|Win32 = Debug|Win32
		Release|Win32 = Release|Win32
	EndGlobalSection
	GlobalSection(ProjectConfigurationPlatforms) = postSolution
		{0704D7EC-DF3D-46A4-853D-E544EC751F02}.Debug|Win32.ActiveCfg = Debug|Win32
		{0704D7EC-DF3D-46A4-853D-E544EC751F02}.Debug|Win32.Build.0 = Debug|Win32
		{0704D7EC-DF3D-46A4-853D-E544EC751F02}.Release|Win32.ActiveCfg = Release|Win32
		{0704D7EC-DF3D-46A4-853D-E544EC751F02}.Release|Win32.Build.0 = Release|Win32
	EndGlobalSection
	GlobalSection(SolutionProperties) = preSolution
		HideSolutionNode = FALSE
	EndGlobalSection
EndGlobal
